
Microsoft Visual Studio Solution File, Format Version 12.00
# Visual Studio 15
Project("{FAE04EC0-301F-11D3-BF4B-00C04F79EFBC}") = "Assembly-CSharp", "Assembly-CSharp.csproj", "{F1351E31-FEA2-187C-1E52-37949FCB75D7}"
EndProject
Global
	GlobalSection(SolutionConfigurationPlatforms) = preSolution
		Debug|Any CPU = Debug|Any CPU
		Release|Any CPU = Release|Any CPU
	EndGlobalSection
	GlobalSection(ProjectConfigurationPlatforms) = postSolution
		{F1351E31-FEA2-187C-1E52-37949FCB75D7}.Debug|Any CPU.ActiveCfg = Debug|Any CPU
		{F1351E31-FEA2-187C-1E52-37949FCB75D7}.Debug|Any CPU.Build.0 = Debug|Any CPU
		{F1351E31-FEA2-187C-1E52-37949FCB75D7}.Release|Any CPU.ActiveCfg = Release|Any CPU
		{F1351E31-FEA2-187C-1E52-37949FCB75D7}.Release|Any CPU.Build.0 = Release|Any CPU
	EndGlobalSection
	GlobalSection(SolutionProperties) = preSolution
		HideSolutionNode = FALSE
	EndGlobalSection
EndGlobal
